// !$*UTF8*$!
{
	archiveVersion = 1;
	classes = {
	};
	objectVersion = 46;
	objects = {

/* Begin PBXBuildFile section */
		144732221DE35599002EF07E /* FoaasField.swift in Sources */ = {isa = PBXBuildFile; fileRef = 144732211DE35599002EF07E /* FoaasField.swift */; };
		148991441DEA751100ACF4C1 /* FoaasPreviewTableViewController.swift in Sources */ = {isa = PBXBuildFile; fileRef = 148991431DEA751100ACF4C1 /* FoaasPreviewTableViewController.swift */; };
		148991461DEA76EC00ACF4C1 /* FoaasPreviewTextTableViewCell.swift in Sources */ = {isa = PBXBuildFile; fileRef = 148991451DEA76EC00ACF4C1 /* FoaasPreviewTextTableViewCell.swift */; };
		148991481DEA770800ACF4C1 /* FoaasFieldTableViewCell.swift in Sources */ = {isa = PBXBuildFile; fileRef = 148991471DEA770800ACF4C1 /* FoaasFieldTableViewCell.swift */; };
		1489914B1DEB9FEF00ACF4C1 /* FoaasBuilder.swift in Sources */ = {isa = PBXBuildFile; fileRef = 1489914A1DEB9FEF00ACF4C1 /* FoaasBuilder.swift */; };
		14DEA7BD1DDE49AD007AEA56 /* FoaasTemplate.swift in Sources */ = {isa = PBXBuildFile; fileRef = 14DEA7BC1DDE49AD007AEA56 /* FoaasTemplate.swift */; };
		14DEA7C21DE186FF007AEA56 /* FoaasOperation.swift in Sources */ = {isa = PBXBuildFile; fileRef = 14DEA7C11DE186FF007AEA56 /* FoaasOperation.swift */; };
		14DEA7CA1DE25462007AEA56 /* FoaasOperationsTableViewController.swift in Sources */ = {isa = PBXBuildFile; fileRef = 14DEA7C91DE25462007AEA56 /* FoaasOperationsTableViewController.swift */; };
		14DEA7CC1DE254B8007AEA56 /* FoaasNavigationController.swift in Sources */ = {isa = PBXBuildFile; fileRef = 14DEA7CB1DE254B8007AEA56 /* FoaasNavigationController.swift */; };
		14DEA7CE1DE255EC007AEA56 /* FoaasDataManager.swift in Sources */ = {isa = PBXBuildFile; fileRef = 14DEA7CD1DE255EC007AEA56 /* FoaasDataManager.swift */; };
		14DEA7D01DE2609A007AEA56 /* FoaasProtocols.swift in Sources */ = {isa = PBXBuildFile; fileRef = 14DEA7CF1DE2609A007AEA56 /* FoaasProtocols.swift */; };
		14EB9F3B1DDAE5C100CC0D29 /* AppDelegate.swift in Sources */ = {isa = PBXBuildFile; fileRef = 14EB9F3A1DDAE5C100CC0D29 /* AppDelegate.swift */; };
		14EB9F3D1DDAE5C100CC0D29 /* FoaasViewController.swift in Sources */ = {isa = PBXBuildFile; fileRef = 14EB9F3C1DDAE5C100CC0D29 /* FoaasViewController.swift */; };
		14EB9F401DDAE5C100CC0D29 /* Main.storyboard in Resources */ = {isa = PBXBuildFile; fileRef = 14EB9F3E1DDAE5C100CC0D29 /* Main.storyboard */; };
		14EB9F421DDAE5C100CC0D29 /* Assets.xcassets in Resources */ = {isa = PBXBuildFile; fileRef = 14EB9F411DDAE5C100CC0D29 /* Assets.xcassets */; };
		14EB9F451DDAE5C100CC0D29 /* LaunchScreen.storyboard in Resources */ = {isa = PBXBuildFile; fileRef = 14EB9F431DDAE5C100CC0D29 /* LaunchScreen.storyboard */; };
		14EB9F501DDAE5C100CC0D29 /* AC3_2_BiteYourThumbTests.swift in Sources */ = {isa = PBXBuildFile; fileRef = 14EB9F4F1DDAE5C100CC0D29 /* AC3_2_BiteYourThumbTests.swift */; };
		14EB9F5C1DDAE6D500CC0D29 /* FoaasAPIManager.swift in Sources */ = {isa = PBXBuildFile; fileRef = 14EB9F5B1DDAE6D500CC0D29 /* FoaasAPIManager.swift */; };
		14EB9F5E1DDAE81D00CC0D29 /* FoaasFilter.swift in Sources */ = {isa = PBXBuildFile; fileRef = 14EB9F5D1DDAE81D00CC0D29 /* FoaasFilter.swift */; };
		14EB9F601DDAE8A000CC0D29 /* Foaas.swift in Sources */ = {isa = PBXBuildFile; fileRef = 14EB9F5F1DDAE8A000CC0D29 /* Foaas.swift */; };
/* End PBXBuildFile section */

/* Begin PBXContainerItemProxy section */
		14EB9F4C1DDAE5C100CC0D29 /* PBXContainerItemProxy */ = {
			isa = PBXContainerItemProxy;
			containerPortal = 14EB9F2F1DDAE5C100CC0D29 /* Project object */;
			proxyType = 1;
			remoteGlobalIDString = 14EB9F361DDAE5C100CC0D29;
			remoteInfo = "AC3.2-BiteYourThumb";
		};
/* End PBXContainerItemProxy section */

/* Begin PBXFileReference section */
		144732211DE35599002EF07E /* FoaasField.swift */ = {isa = PBXFileReference; fileEncoding = 4; lastKnownFileType = sourcecode.swift; path = FoaasField.swift; sourceTree = "<group>"; };
		148991431DEA751100ACF4C1 /* FoaasPreviewTableViewController.swift */ = {isa = PBXFileReference; fileEncoding = 4; lastKnownFileType = sourcecode.swift; path = FoaasPreviewTableViewController.swift; sourceTree = "<group>"; };
		148991451DEA76EC00ACF4C1 /* FoaasPreviewTextTableViewCell.swift */ = {isa = PBXFileReference; fileEncoding = 4; lastKnownFileType = sourcecode.swift; path = FoaasPreviewTextTableViewCell.swift; sourceTree = "<group>"; };
		148991471DEA770800ACF4C1 /* FoaasFieldTableViewCell.swift */ = {isa = PBXFileReference; fileEncoding = 4; lastKnownFileType = sourcecode.swift; path = FoaasFieldTableViewCell.swift; sourceTree = "<group>"; };
		1489914A1DEB9FEF00ACF4C1 /* FoaasBuilder.swift */ = {isa = PBXFileReference; fileEncoding = 4; lastKnownFileType = sourcecode.swift; path = FoaasBuilder.swift; sourceTree = "<group>"; };
		14DEA7BC1DDE49AD007AEA56 /* FoaasTemplate.swift */ = {isa = PBXFileReference; fileEncoding = 4; lastKnownFileType = sourcecode.swift; path = FoaasTemplate.swift; sourceTree = "<group>"; };
		14DEA7C11DE186FF007AEA56 /* FoaasOperation.swift */ = {isa = PBXFileReference; fileEncoding = 4; lastKnownFileType = sourcecode.swift; path = FoaasOperation.swift; sourceTree = "<group>"; };
		14DEA7C91DE25462007AEA56 /* FoaasOperationsTableViewController.swift */ = {isa = PBXFileReference; fileEncoding = 4; lastKnownFileType = sourcecode.swift; path = FoaasOperationsTableViewController.swift; sourceTree = "<group>"; };
		14DEA7CB1DE254B8007AEA56 /* FoaasNavigationController.swift */ = {isa = PBXFileReference; fileEncoding = 4; lastKnownFileType = sourcecode.swift; path = FoaasNavigationController.swift; sourceTree = "<group>"; };
		14DEA7CD1DE255EC007AEA56 /* FoaasDataManager.swift */ = {isa = PBXFileReference; fileEncoding = 4; lastKnownFileType = sourcecode.swift; path = FoaasDataManager.swift; sourceTree = "<group>"; };
		14DEA7CF1DE2609A007AEA56 /* FoaasProtocols.swift */ = {isa = PBXFileReference; fileEncoding = 4; lastKnownFileType = sourcecode.swift; path = FoaasProtocols.swift; sourceTree = "<group>"; };
		14EB9F371DDAE5C100CC0D29 /* AC3.2-BiteYourThumb.app */ = {isa = PBXFileReference; explicitFileType = wrapper.application; includeInIndex = 0; path = "AC3.2-BiteYourThumb.app"; sourceTree = BUILT_PRODUCTS_DIR; };
		14EB9F3A1DDAE5C100CC0D29 /* AppDelegate.swift */ = {isa = PBXFileReference; lastKnownFileType = sourcecode.swift; lineEnding = 0; path = AppDelegate.swift; sourceTree = "<group>"; xcLanguageSpecificationIdentifier = xcode.lang.swift; };
		14EB9F3C1DDAE5C100CC0D29 /* FoaasViewController.swift */ = {isa = PBXFileReference; lastKnownFileType = sourcecode.swift; lineEnding = 0; path = FoaasViewController.swift; sourceTree = "<group>"; xcLanguageSpecificationIdentifier = xcode.lang.swift; };
		14EB9F3F1DDAE5C100CC0D29 /* Base */ = {isa = PBXFileReference; lastKnownFileType = file.storyboard; name = Base; path = Base.lproj/Main.storyboard; sourceTree = "<group>"; };
		14EB9F411DDAE5C100CC0D29 /* Assets.xcassets */ = {isa = PBXFileReference; lastKnownFileType = folder.assetcatalog; path = Assets.xcassets; sourceTree = "<group>"; };
		14EB9F441DDAE5C100CC0D29 /* Base */ = {isa = PBXFileReference; lastKnownFileType = file.storyboard; name = Base; path = Base.lproj/LaunchScreen.storyboard; sourceTree = "<group>"; };
		14EB9F461DDAE5C100CC0D29 /* Info.plist */ = {isa = PBXFileReference; lastKnownFileType = text.plist.xml; path = Info.plist; sourceTree = "<group>"; };
		14EB9F4B1DDAE5C100CC0D29 /* AC3.2-BiteYourThumbTests.xctest */ = {isa = PBXFileReference; explicitFileType = wrapper.cfbundle; includeInIndex = 0; path = "AC3.2-BiteYourThumbTests.xctest"; sourceTree = BUILT_PRODUCTS_DIR; };
		14EB9F4F1DDAE5C100CC0D29 /* AC3_2_BiteYourThumbTests.swift */ = {isa = PBXFileReference; lastKnownFileType = sourcecode.swift; path = AC3_2_BiteYourThumbTests.swift; sourceTree = "<group>"; };
		14EB9F511DDAE5C100CC0D29 /* Info.plist */ = {isa = PBXFileReference; lastKnownFileType = text.plist.xml; path = Info.plist; sourceTree = "<group>"; };
		14EB9F5B1DDAE6D500CC0D29 /* FoaasAPIManager.swift */ = {isa = PBXFileReference; fileEncoding = 4; lastKnownFileType = sourcecode.swift; lineEnding = 0; path = FoaasAPIManager.swift; sourceTree = "<group>"; xcLanguageSpecificationIdentifier = xcode.lang.swift; };
		14EB9F5D1DDAE81D00CC0D29 /* FoaasFilter.swift */ = {isa = PBXFileReference; fileEncoding = 4; lastKnownFileType = sourcecode.swift; path = FoaasFilter.swift; sourceTree = "<group>"; };
		14EB9F5F1DDAE8A000CC0D29 /* Foaas.swift */ = {isa = PBXFileReference; fileEncoding = 4; lastKnownFileType = sourcecode.swift; path = Foaas.swift; sourceTree = "<group>"; };
/* End PBXFileReference section */

/* Begin PBXFrameworksBuildPhase section */
		14EB9F341DDAE5C100CC0D29 /* Frameworks */ = {
			isa = PBXFrameworksBuildPhase;
			buildActionMask = 2147483647;
			files = (
			);
			runOnlyForDeploymentPostprocessing = 0;
		};
		14EB9F481DDAE5C100CC0D29 /* Frameworks */ = {
			isa = PBXFrameworksBuildPhase;
			buildActionMask = 2147483647;
			files = (
			);
			runOnlyForDeploymentPostprocessing = 0;
		};
/* End PBXFrameworksBuildPhase section */

/* Begin PBXGroup section */
		148991491DEA770E00ACF4C1 /* Views */ = {
			isa = PBXGroup;
			children = (
				148991451DEA76EC00ACF4C1 /* FoaasPreviewTextTableViewCell.swift */,
				148991471DEA770800ACF4C1 /* FoaasFieldTableViewCell.swift */,
			);
			name = Views;
			sourceTree = "<group>";
		};
		14DEA7C31DE22E21007AEA56 /* Models */ = {
			isa = PBXGroup;
			children = (
				14EB9F5F1DDAE8A000CC0D29 /* Foaas.swift */,
				14DEA7BC1DDE49AD007AEA56 /* FoaasTemplate.swift */,
				14DEA7C11DE186FF007AEA56 /* FoaasOperation.swift */,
				144732211DE35599002EF07E /* FoaasField.swift */,
			);
			name = Models;
			sourceTree = "<group>";
		};
		14DEA7C41DE22E2D007AEA56 /* Utility */ = {
			isa = PBXGroup;
			children = (
				14DEA7CF1DE2609A007AEA56 /* FoaasProtocols.swift */,
				14EB9F5D1DDAE81D00CC0D29 /* FoaasFilter.swift */,
				1489914A1DEB9FEF00ACF4C1 /* FoaasBuilder.swift */,
			);
			name = Utility;
			sourceTree = "<group>";
		};
		14DEA7C51DE22E34007AEA56 /* Manager */ = {
			isa = PBXGroup;
			children = (
				14EB9F5B1DDAE6D500CC0D29 /* FoaasAPIManager.swift */,
				14DEA7CD1DE255EC007AEA56 /* FoaasDataManager.swift */,
			);
			name = Manager;
			sourceTree = "<group>";
		};
		14DEA7C61DE22E38007AEA56 /* View Controller */ = {
			isa = PBXGroup;
			children = (
				14DEA7CB1DE254B8007AEA56 /* FoaasNavigationController.swift */,
				14EB9F3C1DDAE5C100CC0D29 /* FoaasViewController.swift */,
				14DEA7C91DE25462007AEA56 /* FoaasOperationsTableViewController.swift */,
				148991431DEA751100ACF4C1 /* FoaasPreviewTableViewController.swift */,
			);
			name = "View Controller";
			sourceTree = "<group>";
		};
		14EB9F2E1DDAE5C100CC0D29 = {
			isa = PBXGroup;
			children = (
				14EB9F391DDAE5C100CC0D29 /* AC3.2-BiteYourThumb */,
				14EB9F4E1DDAE5C100CC0D29 /* AC3.2-BiteYourThumbTests */,
				14EB9F381DDAE5C100CC0D29 /* Products */,
			);
			sourceTree = "<group>";
		};
		14EB9F381DDAE5C100CC0D29 /* Products */ = {
			isa = PBXGroup;
			children = (
				14EB9F371DDAE5C100CC0D29 /* AC3.2-BiteYourThumb.app */,
				14EB9F4B1DDAE5C100CC0D29 /* AC3.2-BiteYourThumbTests.xctest */,
			);
			name = Products;
			sourceTree = "<group>";
		};
		14EB9F391DDAE5C100CC0D29 /* AC3.2-BiteYourThumb */ = {
			isa = PBXGroup;
			children = (
				148991491DEA770E00ACF4C1 /* Views */,
				14DEA7C61DE22E38007AEA56 /* View Controller */,
				14DEA7C51DE22E34007AEA56 /* Manager */,
				14DEA7C41DE22E2D007AEA56 /* Utility */,
				14DEA7C31DE22E21007AEA56 /* Models */,
				14EB9F5A1DDAE67E00CC0D29 /* Supporting Files */,
			);
			path = "AC3.2-BiteYourThumb";
			sourceTree = "<group>";
		};
		14EB9F4E1DDAE5C100CC0D29 /* AC3.2-BiteYourThumbTests */ = {
			isa = PBXGroup;
			children = (
				14EB9F4F1DDAE5C100CC0D29 /* AC3_2_BiteYourThumbTests.swift */,
				14EB9F511DDAE5C100CC0D29 /* Info.plist */,
			);
			path = "AC3.2-BiteYourThumbTests";
			sourceTree = "<group>";
		};
		14EB9F5A1DDAE67E00CC0D29 /* Supporting Files */ = {
			isa = PBXGroup;
			children = (
				14EB9F3A1DDAE5C100CC0D29 /* AppDelegate.swift */,
				14EB9F3E1DDAE5C100CC0D29 /* Main.storyboard */,
				14EB9F411DDAE5C100CC0D29 /* Assets.xcassets */,
				14EB9F431DDAE5C100CC0D29 /* LaunchScreen.storyboard */,
				14EB9F461DDAE5C100CC0D29 /* Info.plist */,
			);
			name = "Supporting Files";
			sourceTree = "<group>";
		};
/* End PBXGroup section */

/* Begin PBXNativeTarget section */
		14EB9F361DDAE5C100CC0D29 /* AC3.2-BiteYourThumb */ = {
			isa = PBXNativeTarget;
			buildConfigurationList = 14EB9F541DDAE5C100CC0D29 /* Build configuration list for PBXNativeTarget "AC3.2-BiteYourThumb" */;
			buildPhases = (
				14EB9F331DDAE5C100CC0D29 /* Sources */,
				14EB9F341DDAE5C100CC0D29 /* Frameworks */,
				14EB9F351DDAE5C100CC0D29 /* Resources */,
			);
			buildRules = (
			);
			dependencies = (
			);
			name = "AC3.2-BiteYourThumb";
			productName = "AC3.2-BiteYourThumb";
			productReference = 14EB9F371DDAE5C100CC0D29 /* AC3.2-BiteYourThumb.app */;
			productType = "com.apple.product-type.application";
		};
		14EB9F4A1DDAE5C100CC0D29 /* AC3.2-BiteYourThumbTests */ = {
			isa = PBXNativeTarget;
			buildConfigurationList = 14EB9F571DDAE5C100CC0D29 /* Build configuration list for PBXNativeTarget "AC3.2-BiteYourThumbTests" */;
			buildPhases = (
				14EB9F471DDAE5C100CC0D29 /* Sources */,
				14EB9F481DDAE5C100CC0D29 /* Frameworks */,
				14EB9F491DDAE5C100CC0D29 /* Resources */,
			);
			buildRules = (
			);
			dependencies = (
				14EB9F4D1DDAE5C100CC0D29 /* PBXTargetDependency */,
			);
			name = "AC3.2-BiteYourThumbTests";
			productName = "AC3.2-BiteYourThumbTests";
			productReference = 14EB9F4B1DDAE5C100CC0D29 /* AC3.2-BiteYourThumbTests.xctest */;
			productType = "com.apple.product-type.bundle.unit-test";
		};
/* End PBXNativeTarget section */

/* Begin PBXProject section */
		14EB9F2F1DDAE5C100CC0D29 /* Project object */ = {
			isa = PBXProject;
			attributes = {
				LastSwiftUpdateCheck = 0810;
				LastUpgradeCheck = 0810;
				ORGANIZATIONNAME = C4Q;
				TargetAttributes = {
					14EB9F361DDAE5C100CC0D29 = {
						CreatedOnToolsVersion = 8.1;
						ProvisioningStyle = Automatic;
					};
					14EB9F4A1DDAE5C100CC0D29 = {
						CreatedOnToolsVersion = 8.1;
						ProvisioningStyle = Automatic;
						TestTargetID = 14EB9F361DDAE5C100CC0D29;
					};
				};
			};
			buildConfigurationList = 14EB9F321DDAE5C100CC0D29 /* Build configuration list for PBXProject "AC3.2-BiteYourThumb" */;
			compatibilityVersion = "Xcode 3.2";
			developmentRegion = English;
			hasScannedForEncodings = 0;
			knownRegions = (
				en,
				Base,
			);
			mainGroup = 14EB9F2E1DDAE5C100CC0D29;
			productRefGroup = 14EB9F381DDAE5C100CC0D29 /* Products */;
			projectDirPath = "";
			projectRoot = "";
			targets = (
				14EB9F361DDAE5C100CC0D29 /* AC3.2-BiteYourThumb */,
				14EB9F4A1DDAE5C100CC0D29 /* AC3.2-BiteYourThumbTests */,
			);
		};
/* End PBXProject section */

/* Begin PBXResourcesBuildPhase section */
		14EB9F351DDAE5C100CC0D29 /* Resources */ = {
			isa = PBXResourcesBuildPhase;
			buildActionMask = 2147483647;
			files = (
				14EB9F451DDAE5C100CC0D29 /* LaunchScreen.storyboard in Resources */,
				14EB9F421DDAE5C100CC0D29 /* Assets.xcassets in Resources */,
				14EB9F401DDAE5C100CC0D29 /* Main.storyboard in Resources */,
			);
			runOnlyForDeploymentPostprocessing = 0;
		};
		14EB9F491DDAE5C100CC0D29 /* Resources */ = {
			isa = PBXResourcesBuildPhase;
			buildActionMask = 2147483647;
			files = (
			);
			runOnlyForDeploymentPostprocessing = 0;
		};
/* End PBXResourcesBuildPhase section */

/* Begin PBXSourcesBuildPhase section */
		14EB9F331DDAE5C100CC0D29 /* Sources */ = {
			isa = PBXSourcesBuildPhase;
			buildActionMask = 2147483647;
			files = (
				14DEA7CE1DE255EC007AEA56 /* FoaasDataManager.swift in Sources */,
				14DEA7CA1DE25462007AEA56 /* FoaasOperationsTableViewController.swift in Sources */,
				148991481DEA770800ACF4C1 /* FoaasFieldTableViewCell.swift in Sources */,
				148991461DEA76EC00ACF4C1 /* FoaasPreviewTextTableViewCell.swift in Sources */,
				14EB9F5E1DDAE81D00CC0D29 /* FoaasFilter.swift in Sources */,
				14DEA7D01DE2609A007AEA56 /* FoaasProtocols.swift in Sources */,
				14DEA7CC1DE254B8007AEA56 /* FoaasNavigationController.swift in Sources */,
				144732221DE35599002EF07E /* FoaasField.swift in Sources */,
				14EB9F3D1DDAE5C100CC0D29 /* FoaasViewController.swift in Sources */,
				14DEA7C21DE186FF007AEA56 /* FoaasOperation.swift in Sources */,
				14DEA7BD1DDE49AD007AEA56 /* FoaasTemplate.swift in Sources */,
				14EB9F3B1DDAE5C100CC0D29 /* AppDelegate.swift in Sources */,
				14EB9F601DDAE8A000CC0D29 /* Foaas.swift in Sources */,
				14EB9F5C1DDAE6D500CC0D29 /* FoaasAPIManager.swift in Sources */,
				1489914B1DEB9FEF00ACF4C1 /* FoaasBuilder.swift in Sources */,
				148991441DEA751100ACF4C1 /* FoaasPreviewTableViewController.swift in Sources */,
			);
			runOnlyForDeploymentPostprocessing = 0;
		};
		14EB9F471DDAE5C100CC0D29 /* Sources */ = {
			isa = PBXSourcesBuildPhase;
			buildActionMask = 2147483647;
			files = (
				14EB9F501DDAE5C100CC0D29 /* AC3_2_BiteYourThumbTests.swift in Sources */,
			);
			runOnlyForDeploymentPostprocessing = 0;
		};
/* End PBXSourcesBuildPhase section */

/* Begin PBXTargetDependency section */
		14EB9F4D1DDAE5C100CC0D29 /* PBXTargetDependency */ = {
			isa = PBXTargetDependency;
			target = 14EB9F361DDAE5C100CC0D29 /* AC3.2-BiteYourThumb */;
			targetProxy = 14EB9F4C1DDAE5C100CC0D29 /* PBXContainerItemProxy */;
		};
/* End PBXTargetDependency section */

/* Begin PBXVariantGroup section */
		14EB9F3E1DDAE5C100CC0D29 /* Main.storyboard */ = {
			isa = PBXVariantGroup;
			children = (
				14EB9F3F1DDAE5C100CC0D29 /* Base */,
			);
			name = Main.storyboard;
			sourceTree = "<group>";
		};
		14EB9F431DDAE5C100CC0D29 /* LaunchScreen.storyboard */ = {
			isa = PBXVariantGroup;
			children = (
				14EB9F441DDAE5C100CC0D29 /* Base */,
			);
			name = LaunchScreen.storyboard;
			sourceTree = "<group>";
		};
/* End PBXVariantGroup section */

/* Begin XCBuildConfiguration section */
		14EB9F521DDAE5C100CC0D29 /* Debug */ = {
			isa = XCBuildConfiguration;
			buildSettings = {
				ALWAYS_SEARCH_USER_PATHS = NO;
				CLANG_ANALYZER_NONNULL = YES;
				CLANG_CXX_LANGUAGE_STANDARD = "gnu++0x";
				CLANG_CXX_LIBRARY = "libc++";
				CLANG_ENABLE_MODULES = YES;
				CLANG_ENABLE_OBJC_ARC = YES;
				CLANG_WARN_BOOL_CONVERSION = YES;
				CLANG_WARN_CONSTANT_CONVERSION = YES;
				CLANG_WARN_DIRECT_OBJC_ISA_USAGE = YES_ERROR;
				CLANG_WARN_DOCUMENTATION_COMMENTS = YES;
				CLANG_WARN_EMPTY_BODY = YES;
				CLANG_WARN_ENUM_CONVERSION = YES;
				CLANG_WARN_INFINITE_RECURSION = YES;
				CLANG_WARN_INT_CONVERSION = YES;
				CLANG_WARN_OBJC_ROOT_CLASS = YES_ERROR;
				CLANG_WARN_SUSPICIOUS_MOVES = YES;
				CLANG_WARN_UNREACHABLE_CODE = YES;
				CLANG_WARN__DUPLICATE_METHOD_MATCH = YES;
				"CODE_SIGN_IDENTITY[sdk=iphoneos*]" = "iPhone Developer";
				COPY_PHASE_STRIP = NO;
				DEBUG_INFORMATION_FORMAT = dwarf;
				ENABLE_STRICT_OBJC_MSGSEND = YES;
				ENABLE_TESTABILITY = YES;
				GCC_C_LANGUAGE_STANDARD = gnu99;
				GCC_DYNAMIC_NO_PIC = NO;
				GCC_NO_COMMON_BLOCKS = YES;
				GCC_OPTIMIZATION_LEVEL = 0;
				GCC_PREPROCESSOR_DEFINITIONS = (
					"DEBUG=1",
					"$(inherited)",
				);
				GCC_WARN_64_TO_32_BIT_CONVERSION = YES;
				GCC_WARN_ABOUT_RETURN_TYPE = YES_ERROR;
				GCC_WARN_UNDECLARED_SELECTOR = YES;
				GCC_WARN_UNINITIALIZED_AUTOS = YES_AGGRESSIVE;
				GCC_WARN_UNUSED_FUNCTION = YES;
				GCC_WARN_UNUSED_VARIABLE = YES;
				IPHONEOS_DEPLOYMENT_TARGET = 10.0;
				MTL_ENABLE_DEBUG_INFO = YES;
				ONLY_ACTIVE_ARCH = YES;
				SDKROOT = iphoneos;
				SWIFT_ACTIVE_COMPILATION_CONDITIONS = DEBUG;
				SWIFT_OPTIMIZATION_LEVEL = "-Onone";
			};
			name = Debug;
		};
		14EB9F531DDAE5C100CC0D29 /* Release */ = {
			isa = XCBuildConfiguration;
			buildSettings = {
				ALWAYS_SEARCH_USER_PATHS = NO;
				CLANG_ANALYZER_NONNULL = YES;
				CLANG_CXX_LANGUAGE_STANDARD = "gnu++0x";
				CLANG_CXX_LIBRARY = "libc++";
				CLANG_ENABLE_MODULES = YES;
				CLANG_ENABLE_OBJC_ARC = YES;
				CLANG_WARN_BOOL_CONVERSION = YES;
				CLANG_WARN_CONSTANT_CONVERSION = YES;
				CLANG_WARN_DIRECT_OBJC_ISA_USAGE = YES_ERROR;
				CLANG_WARN_DOCUMENTATION_COMMENTS = YES;
				CLANG_WARN_EMPTY_BODY = YES;
				CLANG_WARN_ENUM_CONVERSION = YES;
				CLANG_WARN_INFINITE_RECURSION = YES;
				CLANG_WARN_INT_CONVERSION = YES;
				CLANG_WARN_OBJC_ROOT_CLASS = YES_ERROR;
				CLANG_WARN_SUSPICIOUS_MOVES = YES;
				CLANG_WARN_UNREACHABLE_CODE = YES;
				CLANG_WARN__DUPLICATE_METHOD_MATCH = YES;
				"CODE_SIGN_IDENTITY[sdk=iphoneos*]" = "iPhone Developer";
				COPY_PHASE_STRIP = NO;
				DEBUG_INFORMATION_FORMAT = "dwarf-with-dsym";
				ENABLE_NS_ASSERTIONS = NO;
				ENABLE_STRICT_OBJC_MSGSEND = YES;
				GCC_C_LANGUAGE_STANDARD = gnu99;
				GCC_NO_COMMON_BLOCKS = YES;
				GCC_WARN_64_TO_32_BIT_CONVERSION = YES;
				GCC_WARN_ABOUT_RETURN_TYPE = YES_ERROR;
				GCC_WARN_UNDECLARED_SELECTOR = YES;
				GCC_WARN_UNINITIALIZED_AUTOS = YES_AGGRESSIVE;
				GCC_WARN_UNUSED_FUNCTION = YES;
				GCC_WARN_UNUSED_VARIABLE = YES;
				IPHONEOS_DEPLOYMENT_TARGET = 10.0;
				MTL_ENABLE_DEBUG_INFO = NO;
				SDKROOT = iphoneos;
				SWIFT_OPTIMIZATION_LEVEL = "-Owholemodule";
				VALIDATE_PRODUCT = YES;
			};
			name = Release;
		};
		14EB9F551DDAE5C100CC0D29 /* Debug */ = {
			isa = XCBuildConfiguration;
			buildSettings = {
				ASSETCATALOG_COMPILER_APPICON_NAME = AppIcon;
				INFOPLIST_FILE = "AC3.2-BiteYourThumb/Info.plist";
				LD_RUNPATH_SEARCH_PATHS = "$(inherited) @executable_path/Frameworks";
				PRODUCT_BUNDLE_IDENTIFIER = "nyc.AccessCode.AC3-2-BiteYourThumb";
				PRODUCT_NAME = "$(TARGET_NAME)";
				SWIFT_VERSION = 3.0;
			};
			name = Debug;
		};
		14EB9F561DDAE5C100CC0D29 /* Release */ = {
			isa = XCBuildConfiguration;
			buildSettings = {
				ASSETCATALOG_COMPILER_APPICON_NAME = AppIcon;
				INFOPLIST_FILE = "AC3.2-BiteYourThumb/Info.plist";
				LD_RUNPATH_SEARCH_PATHS = "$(inherited) @executable_path/Frameworks";
				PRODUCT_BUNDLE_IDENTIFIER = "nyc.AccessCode.AC3-2-BiteYourThumb";
				PRODUCT_NAME = "$(TARGET_NAME)";
				SWIFT_VERSION = 3.0;
			};
			name = Release;
		};
		14EB9F581DDAE5C100CC0D29 /* Debug */ = {
			isa = XCBuildConfiguration;
			buildSettings = {
				ALWAYS_EMBED_SWIFT_STANDARD_LIBRARIES = YES;
				BUNDLE_LOADER = "$(TEST_HOST)";
				INFOPLIST_FILE = "AC3.2-BiteYourThumbTests/Info.plist";
				LD_RUNPATH_SEARCH_PATHS = "$(inherited) @executable_path/Frameworks @loader_path/Frameworks";
				PRODUCT_BUNDLE_IDENTIFIER = "nyc.AccessCode.AC3-2-BiteYourThumbTests";
				PRODUCT_NAME = "$(TARGET_NAME)";
				SWIFT_VERSION = 3.0;
				TEST_HOST = "$(BUILT_PRODUCTS_DIR)/AC3.2-BiteYourThumb.app/AC3.2-BiteYourThumb";
			};
			name = Debug;
		};
		14EB9F591DDAE5C100CC0D29 /* Release */ = {
			isa = XCBuildConfiguration;
			buildSettings = {
				ALWAYS_EMBED_SWIFT_STANDARD_LIBRARIES = YES;
				BUNDLE_LOADER = "$(TEST_HOST)";
				INFOPLIST_FILE = "AC3.2-BiteYourThumbTests/Info.plist";
				LD_RUNPATH_SEARCH_PATHS = "$(inherited) @executable_path/Frameworks @loader_path/Frameworks";
				PRODUCT_BUNDLE_IDENTIFIER = "nyc.AccessCode.AC3-2-BiteYourThumbTests";
				PRODUCT_NAME = "$(TARGET_NAME)";
				SWIFT_VERSION = 3.0;
				TEST_HOST = "$(BUILT_PRODUCTS_DIR)/AC3.2-BiteYourThumb.app/AC3.2-BiteYourThumb";
			};
			name = Release;
		};
/* End XCBuildConfiguration section */

/* Begin XCConfigurationList section */
		14EB9F321DDAE5C100CC0D29 /* Build configuration list for PBXProject "AC3.2-BiteYourThumb" */ = {
			isa = XCConfigurationList;
			buildConfigurations = (
				14EB9F521DDAE5C100CC0D29 /* Debug */,
				14EB9F531DDAE5C100CC0D29 /* Release */,
			);
			defaultConfigurationIsVisible = 0;
			defaultConfigurationName = Release;
		};
		14EB9F541DDAE5C100CC0D29 /* Build configuration list for PBXNativeTarget "AC3.2-BiteYourThumb" */ = {
			isa = XCConfigurationList;
			buildConfigurations = (
				14EB9F551DDAE5C100CC0D29 /* Debug */,
				14EB9F561DDAE5C100CC0D29 /* Release */,
			);
			defaultConfigurationIsVisible = 0;
			defaultConfigurationName = Release;
		};
		14EB9F571DDAE5C100CC0D29 /* Build configuration list for PBXNativeTarget "AC3.2-BiteYourThumbTests" */ = {
			isa = XCConfigurationList;
			buildConfigurations = (
				14EB9F581DDAE5C100CC0D29 /* Debug */,
				14EB9F591DDAE5C100CC0D29 /* Release */,
			);
			defaultConfigurationIsVisible = 0;
			defaultConfigurationName = Release;
		};
/* End XCConfigurationList section */
	};
	rootObject = 14EB9F2F1DDAE5C100CC0D29 /* Project object */;
}
